
Microsoft Visual Studio Solution File, Format Version 12.00
# Visual Studio 14
VisualStudioVersion = 14.0.25420.1
MinimumVisualStudioVersion = 10.0.40219.1
Project("{FAE04EC0-301F-11D3-BF4B-00C04F79EFBC}") = "GiaImport", "GiaImport\GiaImport.csproj", "{5FDFD42B-BD6C-48D4-8B43-80A8E69736DF}"
EndProject
Project("{FAE04EC0-301F-11D3-BF4B-00C04F79EFBC}") = "GiaImportOld", "GiaImportOld\GiaImportOld.csproj", "{8511E669-5814-4CBB-BAEC-5F3CF46B16B0}"
	ProjectSection(ProjectDependencies) = postProject
		{4F492530-C1C9-4DD3-94CF-3564D0DF0596} = {4F492530-C1C9-4DD3-94CF-3564D0DF0596}
		{ADC581D2-8B1B-4828-9DA6-AF967DF2DBE6} = {ADC581D2-8B1B-4828-9DA6-AF967DF2DBE6}
	EndProjectSection
EndProject
Project("{FAE04EC0-301F-11D3-BF4B-00C04F79EFBC}") = "FCT.Client.Dto", "FCT.Client.Dto\FCT.Client.Dto.csproj", "{4F492530-C1C9-4DD3-94CF-3564D0DF0596}"
EndProject
Project("{FAE04EC0-301F-11D3-BF4B-00C04F79EFBC}") = "RBD.Common", "RBD.Common\RBD.Common.csproj", "{ADC581D2-8B1B-4828-9DA6-AF967DF2DBE6}"
EndProject
Project("{FAE04EC0-301F-11D3-BF4B-00C04F79EFBC}") = "FCT.Resources", "FCT.Resources\FCT.Resources.csproj", "{2C7101B2-9046-4CA5-A62D-519891E0F50D}"
EndProject
Global
	GlobalSection(SolutionConfigurationPlatforms) = preSolution
		Debug|Any CPU = Debug|Any CPU
		Debug|x86 = Debug|x86
		Debug-Gia|Any CPU = Debug-Gia|Any CPU
		Debug-Gia|x86 = Debug-Gia|x86
		Debug-GiaDataCollect|Any CPU = Debug-GiaDataCollect|Any CPU
		Debug-GiaDataCollect|x86 = Debug-GiaDataCollect|x86
		Debug-GiaOnlyImport|Any CPU = Debug-GiaOnlyImport|Any CPU
		Debug-GiaOnlyImport|x86 = Debug-GiaOnlyImport|x86
		DebugUnit|Any CPU = DebugUnit|Any CPU
		DebugUnit|x86 = DebugUnit|x86
		GIA|Any CPU = GIA|Any CPU
		GIA|x86 = GIA|x86
		Release|Any CPU = Release|Any CPU
		Release|x86 = Release|x86
		Release-Gia|Any CPU = Release-Gia|Any CPU
		Release-Gia|x86 = Release-Gia|x86
		Release-GiaDataCollect|Any CPU = Release-GiaDataCollect|Any CPU
		Release-GiaDataCollect|x86 = Release-GiaDataCollect|x86
		Release-GiaOnlyImport|Any CPU = Release-GiaOnlyImport|Any CPU
		Release-GiaOnlyImport|x86 = Release-GiaOnlyImport|x86
		SimpleLauncher|Any CPU = SimpleLauncher|Any CPU
		SimpleLauncher|x86 = SimpleLauncher|x86
	EndGlobalSection
	GlobalSection(ProjectConfigurationPlatforms) = postSolution
		{5FDFD42B-BD6C-48D4-8B43-80A8E69736DF}.Debug|Any CPU.ActiveCfg = Debug|Any CPU
		{5FDFD42B-BD6C-48D4-8B43-80A8E69736DF}.Debug|Any CPU.Build.0 = Debug|Any CPU
		{5FDFD42B-BD6C-48D4-8B43-80A8E69736DF}.Debug|x86.ActiveCfg = Debug|Any CPU
		{5FDFD42B-BD6C-48D4-8B43-80A8E69736DF}.Debug|x86.Build.0 = Debug|Any CPU
		{5FDFD42B-BD6C-48D4-8B43-80A8E69736DF}.Debug-Gia|Any CPU.ActiveCfg = Debug|Any CPU
		{5FDFD42B-BD6C-48D4-8B43-80A8E69736DF}.Debug-Gia|Any CPU.Build.0 = Debug|Any CPU
		{5FDFD42B-BD6C-48D4-8B43-80A8E69736DF}.Debug-Gia|x86.ActiveCfg = Debug|Any CPU
		{5FDFD42B-BD6C-48D4-8B43-80A8E69736DF}.Debug-Gia|x86.Build.0 = Debug|Any CPU
		{5FDFD42B-BD6C-48D4-8B43-80A8E69736DF}.Debug-GiaDataCollect|Any CPU.ActiveCfg = Debug|Any CPU
		{5FDFD42B-BD6C-48D4-8B43-80A8E69736DF}.Debug-GiaDataCollect|Any CPU.Build.0 = Debug|Any CPU
		{5FDFD42B-BD6C-48D4-8B43-80A8E69736DF}.Debug-GiaDataCollect|x86.ActiveCfg = Debug|Any CPU
		{5FDFD42B-BD6C-48D4-8B43-80A8E69736DF}.Debug-GiaDataCollect|x86.Build.0 = Debug|Any CPU
		{5FDFD42B-BD6C-48D4-8B43-80A8E69736DF}.Debug-GiaOnlyImport|Any CPU.ActiveCfg = Debug|Any CPU
		{5FDFD42B-BD6C-48D4-8B43-80A8E69736DF}.Debug-GiaOnlyImport|Any CPU.Build.0 = Debug|Any CPU
		{5FDFD42B-BD6C-48D4-8B43-80A8E69736DF}.Debug-GiaOnlyImport|x86.ActiveCfg = Debug|Any CPU
		{5FDFD42B-BD6C-48D4-8B43-80A8E69736DF}.Debug-GiaOnlyImport|x86.Build.0 = Debug|Any CPU
		{5FDFD42B-BD6C-48D4-8B43-80A8E69736DF}.DebugUnit|Any CPU.ActiveCfg = Debug|Any CPU
		{5FDFD42B-BD6C-48D4-8B43-80A8E69736DF}.DebugUnit|Any CPU.Build.0 = Debug|Any CPU
		{5FDFD42B-BD6C-48D4-8B43-80A8E69736DF}.DebugUnit|x86.ActiveCfg = Debug|Any CPU
		{5FDFD42B-BD6C-48D4-8B43-80A8E69736DF}.DebugUnit|x86.Build.0 = Debug|Any CPU
		{5FDFD42B-BD6C-48D4-8B43-80A8E69736DF}.GIA|Any CPU.ActiveCfg = Release|Any CPU
		{5FDFD42B-BD6C-48D4-8B43-80A8E69736DF}.GIA|Any CPU.Build.0 = Release|Any CPU
		{5FDFD42B-BD6C-48D4-8B43-80A8E69736DF}.GIA|x86.ActiveCfg = Release|Any CPU
		{5FDFD42B-BD6C-48D4-8B43-80A8E69736DF}.GIA|x86.Build.0 = Release|Any CPU
		{5FDFD42B-BD6C-48D4-8B43-80A8E69736DF}.Release|Any CPU.ActiveCfg = Release|Any CPU
		{5FDFD42B-BD6C-48D4-8B43-80A8E69736DF}.Release|Any CPU.Build.0 = Release|Any CPU
		{5FDFD42B-BD6C-48D4-8B43-80A8E69736DF}.Release|x86.ActiveCfg = Release|Any CPU
		{5FDFD42B-BD6C-48D4-8B43-80A8E69736DF}.Release|x86.Build.0 = Release|Any CPU
		{5FDFD42B-BD6C-48D4-8B43-80A8E69736DF}.Release-Gia|Any CPU.ActiveCfg = Release|Any CPU
		{5FDFD42B-BD6C-48D4-8B43-80A8E69736DF}.Release-Gia|Any CPU.Build.0 = Release|Any CPU
		{5FDFD42B-BD6C-48D4-8B43-80A8E69736DF}.Release-Gia|x86.ActiveCfg = Release|Any CPU
		{5FDFD42B-BD6C-48D4-8B43-80A8E69736DF}.Release-Gia|x86.Build.0 = Release|Any CPU
		{5FDFD42B-BD6C-48D4-8B43-80A8E69736DF}.Release-GiaDataCollect|Any CPU.ActiveCfg = Release|Any CPU
		{5FDFD42B-BD6C-48D4-8B43-80A8E69736DF}.Release-GiaDataCollect|Any CPU.Build.0 = Release|Any CPU
		{5FDFD42B-BD6C-48D4-8B43-80A8E69736DF}.Release-GiaDataCollect|x86.ActiveCfg = Release|Any CPU
		{5FDFD42B-BD6C-48D4-8B43-80A8E69736DF}.Release-GiaDataCollect|x86.Build.0 = Release|Any CPU
		{5FDFD42B-BD6C-48D4-8B43-80A8E69736DF}.Release-GiaOnlyImport|Any CPU.ActiveCfg = Release|Any CPU
		{5FDFD42B-BD6C-48D4-8B43-80A8E69736DF}.Release-GiaOnlyImport|Any CPU.Build.0 = Release|Any CPU
		{5FDFD42B-BD6C-48D4-8B43-80A8E69736DF}.Release-GiaOnlyImport|x86.ActiveCfg = Release|Any CPU
		{5FDFD42B-BD6C-48D4-8B43-80A8E69736DF}.Release-GiaOnlyImport|x86.Build.0 = Release|Any CPU
		{5FDFD42B-BD6C-48D4-8B43-80A8E69736DF}.SimpleLauncher|Any CPU.ActiveCfg = Release|Any CPU
		{5FDFD42B-BD6C-48D4-8B43-80A8E69736DF}.SimpleLauncher|Any CPU.Build.0 = Release|Any CPU
		{5FDFD42B-BD6C-48D4-8B43-80A8E69736DF}.SimpleLauncher|x86.ActiveCfg = Release|Any CPU
		{5FDFD42B-BD6C-48D4-8B43-80A8E69736DF}.SimpleLauncher|x86.Build.0 = Release|Any CPU
		{8511E669-5814-4CBB-BAEC-5F3CF46B16B0}.Debug|Any CPU.ActiveCfg = Debug|Any CPU
		{8511E669-5814-4CBB-BAEC-5F3CF46B16B0}.Debug|Any CPU.Build.0 = Debug|Any CPU
		{8511E669-5814-4CBB-BAEC-5F3CF46B16B0}.Debug|x86.ActiveCfg = Debug|Any CPU
		{8511E669-5814-4CBB-BAEC-5F3CF46B16B0}.Debug|x86.Build.0 = Debug|Any CPU
		{8511E669-5814-4CBB-BAEC-5F3CF46B16B0}.Debug-Gia|Any CPU.ActiveCfg = Debug|Any CPU
		{8511E669-5814-4CBB-BAEC-5F3CF46B16B0}.Debug-Gia|Any CPU.Build.0 = Debug|Any CPU
		{8511E669-5814-4CBB-BAEC-5F3CF46B16B0}.Debug-Gia|x86.ActiveCfg = Debug|Any CPU
		{8511E669-5814-4CBB-BAEC-5F3CF46B16B0}.Debug-Gia|x86.Build.0 = Debug|Any CPU
		{8511E669-5814-4CBB-BAEC-5F3CF46B16B0}.Debug-GiaDataCollect|Any CPU.ActiveCfg = Debug|Any CPU
		{8511E669-5814-4CBB-BAEC-5F3CF46B16B0}.Debug-GiaDataCollect|Any CPU.Build.0 = Debug|Any CPU
		{8511E669-5814-4CBB-BAEC-5F3CF46B16B0}.Debug-GiaDataCollect|x86.ActiveCfg = Debug|Any CPU
		{8511E669-5814-4CBB-BAEC-5F3CF46B16B0}.Debug-GiaDataCollect|x86.Build.0 = Debug|Any CPU
		{8511E669-5814-4CBB-BAEC-5F3CF46B16B0}.Debug-GiaOnlyImport|Any CPU.ActiveCfg = Debug|Any CPU
		{8511E669-5814-4CBB-BAEC-5F3CF46B16B0}.Debug-GiaOnlyImport|Any CPU.Build.0 = Debug|Any CPU
		{8511E669-5814-4CBB-BAEC-5F3CF46B16B0}.Debug-GiaOnlyImport|x86.ActiveCfg = Debug|Any CPU
		{8511E669-5814-4CBB-BAEC-5F3CF46B16B0}.Debug-GiaOnlyImport|x86.Build.0 = Debug|Any CPU
		{8511E669-5814-4CBB-BAEC-5F3CF46B16B0}.DebugUnit|Any CPU.ActiveCfg = Debug|Any CPU
		{8511E669-5814-4CBB-BAEC-5F3CF46B16B0}.DebugUnit|Any CPU.Build.0 = Debug|Any CPU
		{8511E669-5814-4CBB-BAEC-5F3CF46B16B0}.DebugUnit|x86.ActiveCfg = Debug|Any CPU
		{8511E669-5814-4CBB-BAEC-5F3CF46B16B0}.DebugUnit|x86.Build.0 = Debug|Any CPU
		{8511E669-5814-4CBB-BAEC-5F3CF46B16B0}.GIA|Any CPU.ActiveCfg = Release|Any CPU
		{8511E669-5814-4CBB-BAEC-5F3CF46B16B0}.GIA|Any CPU.Build.0 = Release|Any CPU
		{8511E669-5814-4CBB-BAEC-5F3CF46B16B0}.GIA|x86.ActiveCfg = Release|Any CPU
		{8511E669-5814-4CBB-BAEC-5F3CF46B16B0}.GIA|x86.Build.0 = Release|Any CPU
		{8511E669-5814-4CBB-BAEC-5F3CF46B16B0}.Release|Any CPU.ActiveCfg = Release|Any CPU
		{8511E669-5814-4CBB-BAEC-5F3CF46B16B0}.Release|Any CPU.Build.0 = Release|Any CPU
		{8511E669-5814-4CBB-BAEC-5F3CF46B16B0}.Release|x86.ActiveCfg = Release|Any CPU
		{8511E669-5814-4CBB-BAEC-5F3CF46B16B0}.Release|x86.Build.0 = Release|Any CPU
		{8511E669-5814-4CBB-BAEC-5F3CF46B16B0}.Release-Gia|Any CPU.ActiveCfg = Release|Any CPU
		{8511E669-5814-4CBB-BAEC-5F3CF46B16B0}.Release-Gia|Any CPU.Build.0 = Release|Any CPU
		{8511E669-5814-4CBB-BAEC-5F3CF46B16B0}.Release-Gia|x86.ActiveCfg = Release|Any CPU
		{8511E669-5814-4CBB-BAEC-5F3CF46B16B0}.Release-Gia|x86.Build.0 = Release|Any CPU
		{8511E669-5814-4CBB-BAEC-5F3CF46B16B0}.Release-GiaDataCollect|Any CPU.ActiveCfg = Release|Any CPU
		{8511E669-5814-4CBB-BAEC-5F3CF46B16B0}.Release-GiaDataCollect|Any CPU.Build.0 = Release|Any CPU
		{8511E669-5814-4CBB-BAEC-5F3CF46B16B0}.Release-GiaDataCollect|x86.ActiveCfg = Release|Any CPU
		{8511E669-5814-4CBB-BAEC-5F3CF46B16B0}.Release-GiaDataCollect|x86.Build.0 = Release|Any CPU
		{8511E669-5814-4CBB-BAEC-5F3CF46B16B0}.Release-GiaOnlyImport|Any CPU.ActiveCfg = Release|Any CPU
		{8511E669-5814-4CBB-BAEC-5F3CF46B16B0}.Release-GiaOnlyImport|Any CPU.Build.0 = Release|Any CPU
		{8511E669-5814-4CBB-BAEC-5F3CF46B16B0}.Release-GiaOnlyImport|x86.ActiveCfg = Release|Any CPU
		{8511E669-5814-4CBB-BAEC-5F3CF46B16B0}.Release-GiaOnlyImport|x86.Build.0 = Release|Any CPU
		{8511E669-5814-4CBB-BAEC-5F3CF46B16B0}.SimpleLauncher|Any CPU.ActiveCfg = Release|Any CPU
		{8511E669-5814-4CBB-BAEC-5F3CF46B16B0}.SimpleLauncher|Any CPU.Build.0 = Release|Any CPU
		{8511E669-5814-4CBB-BAEC-5F3CF46B16B0}.SimpleLauncher|x86.ActiveCfg = Release|Any CPU
		{8511E669-5814-4CBB-BAEC-5F3CF46B16B0}.SimpleLauncher|x86.Build.0 = Release|Any CPU
		{4F492530-C1C9-4DD3-94CF-3564D0DF0596}.Debug|Any CPU.ActiveCfg = Debug|Any CPU
		{4F492530-C1C9-4DD3-94CF-3564D0DF0596}.Debug|Any CPU.Build.0 = Debug|Any CPU
		{4F492530-C1C9-4DD3-94CF-3564D0DF0596}.Debug|x86.ActiveCfg = Debug|x86
		{4F492530-C1C9-4DD3-94CF-3564D0DF0596}.Debug|x86.Build.0 = Debug|x86
		{4F492530-C1C9-4DD3-94CF-3564D0DF0596}.Debug-Gia|Any CPU.ActiveCfg = Debug-Gia|Any CPU
		{4F492530-C1C9-4DD3-94CF-3564D0DF0596}.Debug-Gia|Any CPU.Build.0 = Debug-Gia|Any CPU
		{4F492530-C1C9-4DD3-94CF-3564D0DF0596}.Debug-Gia|x86.ActiveCfg = Debug-Gia|x86
		{4F492530-C1C9-4DD3-94CF-3564D0DF0596}.Debug-Gia|x86.Build.0 = Debug-Gia|x86
		{4F492530-C1C9-4DD3-94CF-3564D0DF0596}.Debug-GiaDataCollect|Any CPU.ActiveCfg = Debug-GiaDataCollect|Any CPU
		{4F492530-C1C9-4DD3-94CF-3564D0DF0596}.Debug-GiaDataCollect|Any CPU.Build.0 = Debug-GiaDataCollect|Any CPU
		{4F492530-C1C9-4DD3-94CF-3564D0DF0596}.Debug-GiaDataCollect|x86.ActiveCfg = Debug-GiaDataCollect|x86
		{4F492530-C1C9-4DD3-94CF-3564D0DF0596}.Debug-GiaDataCollect|x86.Build.0 = Debug-GiaDataCollect|x86
		{4F492530-C1C9-4DD3-94CF-3564D0DF0596}.Debug-GiaOnlyImport|Any CPU.ActiveCfg = Debug-GiaOnlyImport|Any CPU
		{4F492530-C1C9-4DD3-94CF-3564D0DF0596}.Debug-GiaOnlyImport|Any CPU.Build.0 = Debug-GiaOnlyImport|Any CPU
		{4F492530-C1C9-4DD3-94CF-3564D0DF0596}.Debug-GiaOnlyImport|x86.ActiveCfg = Debug-GiaOnlyImport|x86
		{4F492530-C1C9-4DD3-94CF-3564D0DF0596}.Debug-GiaOnlyImport|x86.Build.0 = Debug-GiaOnlyImport|x86
		{4F492530-C1C9-4DD3-94CF-3564D0DF0596}.DebugUnit|Any CPU.ActiveCfg = Debug-GiaDataCollect|Any CPU
		{4F492530-C1C9-4DD3-94CF-3564D0DF0596}.DebugUnit|Any CPU.Build.0 = Debug-GiaDataCollect|Any CPU
		{4F492530-C1C9-4DD3-94CF-3564D0DF0596}.DebugUnit|x86.ActiveCfg = Debug-GiaDataCollect|x86
		{4F492530-C1C9-4DD3-94CF-3564D0DF0596}.DebugUnit|x86.Build.0 = Debug-GiaDataCollect|x86
		{4F492530-C1C9-4DD3-94CF-3564D0DF0596}.GIA|Any CPU.ActiveCfg = GIA|Any CPU
		{4F492530-C1C9-4DD3-94CF-3564D0DF0596}.GIA|Any CPU.Build.0 = GIA|Any CPU
		{4F492530-C1C9-4DD3-94CF-3564D0DF0596}.GIA|x86.ActiveCfg = GIA|x86
		{4F492530-C1C9-4DD3-94CF-3564D0DF0596}.GIA|x86.Build.0 = GIA|x86
		{4F492530-C1C9-4DD3-94CF-3564D0DF0596}.Release|Any CPU.ActiveCfg = Release|Any CPU
		{4F492530-C1C9-4DD3-94CF-3564D0DF0596}.Release|Any CPU.Build.0 = Release|Any CPU
		{4F492530-C1C9-4DD3-94CF-3564D0DF0596}.Release|x86.ActiveCfg = Release|x86
		{4F492530-C1C9-4DD3-94CF-3564D0DF0596}.Release|x86.Build.0 = Release|x86
		{4F492530-C1C9-4DD3-94CF-3564D0DF0596}.Release-Gia|Any CPU.ActiveCfg = Release-Gia|Any CPU
		{4F492530-C1C9-4DD3-94CF-3564D0DF0596}.Release-Gia|Any CPU.Build.0 = Release-Gia|Any CPU
		{4F492530-C1C9-4DD3-94CF-3564D0DF0596}.Release-Gia|x86.ActiveCfg = Release-Gia|x86
		{4F492530-C1C9-4DD3-94CF-3564D0DF0596}.Release-Gia|x86.Build.0 = Release-Gia|x86
		{4F492530-C1C9-4DD3-94CF-3564D0DF0596}.Release-GiaDataCollect|Any CPU.ActiveCfg = Release-GiaDataCollect|Any CPU
		{4F492530-C1C9-4DD3-94CF-3564D0DF0596}.Release-GiaDataCollect|Any CPU.Build.0 = Release-GiaDataCollect|Any CPU
		{4F492530-C1C9-4DD3-94CF-3564D0DF0596}.Release-GiaDataCollect|x86.ActiveCfg = Release-GiaDataCollect|x86
		{4F492530-C1C9-4DD3-94CF-3564D0DF0596}.Release-GiaDataCollect|x86.Build.0 = Release-GiaDataCollect|x86
		{4F492530-C1C9-4DD3-94CF-3564D0DF0596}.Release-GiaOnlyImport|Any CPU.ActiveCfg = Release-GiaOnlyImport|Any CPU
		{4F492530-C1C9-4DD3-94CF-3564D0DF0596}.Release-GiaOnlyImport|Any CPU.Build.0 = Release-GiaOnlyImport|Any CPU
		{4F492530-C1C9-4DD3-94CF-3564D0DF0596}.Release-GiaOnlyImport|x86.ActiveCfg = Release-GiaOnlyImport|x86
		{4F492530-C1C9-4DD3-94CF-3564D0DF0596}.Release-GiaOnlyImport|x86.Build.0 = Release-GiaOnlyImport|x86
		{4F492530-C1C9-4DD3-94CF-3564D0DF0596}.SimpleLauncher|Any CPU.ActiveCfg = SimpleLauncher|Any CPU
		{4F492530-C1C9-4DD3-94CF-3564D0DF0596}.SimpleLauncher|Any CPU.Build.0 = SimpleLauncher|Any CPU
		{4F492530-C1C9-4DD3-94CF-3564D0DF0596}.SimpleLauncher|x86.ActiveCfg = SimpleLauncher|x86
		{4F492530-C1C9-4DD3-94CF-3564D0DF0596}.SimpleLauncher|x86.Build.0 = SimpleLauncher|x86
		{ADC581D2-8B1B-4828-9DA6-AF967DF2DBE6}.Debug|Any CPU.ActiveCfg = Debug|Any CPU
		{ADC581D2-8B1B-4828-9DA6-AF967DF2DBE6}.Debug|Any CPU.Build.0 = Debug|Any CPU
		{ADC581D2-8B1B-4828-9DA6-AF967DF2DBE6}.Debug|x86.ActiveCfg = Debug|x86
		{ADC581D2-8B1B-4828-9DA6-AF967DF2DBE6}.Debug|x86.Build.0 = Debug|x86
		{ADC581D2-8B1B-4828-9DA6-AF967DF2DBE6}.Debug-Gia|Any CPU.ActiveCfg = Debug-Gia|Any CPU
		{ADC581D2-8B1B-4828-9DA6-AF967DF2DBE6}.Debug-Gia|Any CPU.Build.0 = Debug-Gia|Any CPU
		{ADC581D2-8B1B-4828-9DA6-AF967DF2DBE6}.Debug-Gia|x86.ActiveCfg = Debug-Gia|x86
		{ADC581D2-8B1B-4828-9DA6-AF967DF2DBE6}.Debug-Gia|x86.Build.0 = Debug-Gia|x86
		{ADC581D2-8B1B-4828-9DA6-AF967DF2DBE6}.Debug-GiaDataCollect|Any CPU.ActiveCfg = Debug-GiaDataCollect|Any CPU
		{ADC581D2-8B1B-4828-9DA6-AF967DF2DBE6}.Debug-GiaDataCollect|Any CPU.Build.0 = Debug-GiaDataCollect|Any CPU
		{ADC581D2-8B1B-4828-9DA6-AF967DF2DBE6}.Debug-GiaDataCollect|x86.ActiveCfg = Debug-GiaDataCollect|x86
		{ADC581D2-8B1B-4828-9DA6-AF967DF2DBE6}.Debug-GiaDataCollect|x86.Build.0 = Debug-GiaDataCollect|x86
		{ADC581D2-8B1B-4828-9DA6-AF967DF2DBE6}.Debug-GiaOnlyImport|Any CPU.ActiveCfg = Debug-GiaOnlyImport|Any CPU
		{ADC581D2-8B1B-4828-9DA6-AF967DF2DBE6}.Debug-GiaOnlyImport|Any CPU.Build.0 = Debug-GiaOnlyImport|Any CPU
		{ADC581D2-8B1B-4828-9DA6-AF967DF2DBE6}.Debug-GiaOnlyImport|x86.ActiveCfg = Debug-GiaOnlyImport|x86
		{ADC581D2-8B1B-4828-9DA6-AF967DF2DBE6}.Debug-GiaOnlyImport|x86.Build.0 = Debug-GiaOnlyImport|x86
		{ADC581D2-8B1B-4828-9DA6-AF967DF2DBE6}.DebugUnit|Any CPU.ActiveCfg = Debug-GiaDataCollect|Any CPU
		{ADC581D2-8B1B-4828-9DA6-AF967DF2DBE6}.DebugUnit|Any CPU.Build.0 = Debug-GiaDataCollect|Any CPU
		{ADC581D2-8B1B-4828-9DA6-AF967DF2DBE6}.DebugUnit|x86.ActiveCfg = Debug-GiaDataCollect|x86
		{ADC581D2-8B1B-4828-9DA6-AF967DF2DBE6}.DebugUnit|x86.Build.0 = Debug-GiaDataCollect|x86
		{ADC581D2-8B1B-4828-9DA6-AF967DF2DBE6}.GIA|Any CPU.ActiveCfg = GIA|Any CPU
		{ADC581D2-8B1B-4828-9DA6-AF967DF2DBE6}.GIA|Any CPU.Build.0 = GIA|Any CPU
		{ADC581D2-8B1B-4828-9DA6-AF967DF2DBE6}.GIA|x86.ActiveCfg = GIA|x86
		{ADC581D2-8B1B-4828-9DA6-AF967DF2DBE6}.GIA|x86.Build.0 = GIA|x86
		{ADC581D2-8B1B-4828-9DA6-AF967DF2DBE6}.Release|Any CPU.ActiveCfg = Release|Any CPU
		{ADC581D2-8B1B-4828-9DA6-AF967DF2DBE6}.Release|Any CPU.Build.0 = Release|Any CPU
		{ADC581D2-8B1B-4828-9DA6-AF967DF2DBE6}.Release|x86.ActiveCfg = Release|x86
		{ADC581D2-8B1B-4828-9DA6-AF967DF2DBE6}.Release|x86.Build.0 = Release|x86
		{ADC581D2-8B1B-4828-9DA6-AF967DF2DBE6}.Release-Gia|Any CPU.ActiveCfg = Release-Gia|Any CPU
		{ADC581D2-8B1B-4828-9DA6-AF967DF2DBE6}.Release-Gia|Any CPU.Build.0 = Release-Gia|Any CPU
		{ADC581D2-8B1B-4828-9DA6-AF967DF2DBE6}.Release-Gia|x86.ActiveCfg = Release-Gia|x86
		{ADC581D2-8B1B-4828-9DA6-AF967DF2DBE6}.Release-Gia|x86.Build.0 = Release-Gia|x86
		{ADC581D2-8B1B-4828-9DA6-AF967DF2DBE6}.Release-GiaDataCollect|Any CPU.ActiveCfg = Release-GiaDataCollect|Any CPU
		{ADC581D2-8B1B-4828-9DA6-AF967DF2DBE6}.Release-GiaDataCollect|Any CPU.Build.0 = Release-GiaDataCollect|Any CPU
		{ADC581D2-8B1B-4828-9DA6-AF967DF2DBE6}.Release-GiaDataCollect|x86.ActiveCfg = Release-GiaDataCollect|x86
		{ADC581D2-8B1B-4828-9DA6-AF967DF2DBE6}.Release-GiaDataCollect|x86.Build.0 = Release-GiaDataCollect|x86
		{ADC581D2-8B1B-4828-9DA6-AF967DF2DBE6}.Release-GiaOnlyImport|Any CPU.ActiveCfg = Release-GiaOnlyImport|Any CPU
		{ADC581D2-8B1B-4828-9DA6-AF967DF2DBE6}.Release-GiaOnlyImport|Any CPU.Build.0 = Release-GiaOnlyImport|Any CPU
		{ADC581D2-8B1B-4828-9DA6-AF967DF2DBE6}.Release-GiaOnlyImport|x86.ActiveCfg = Release-GiaOnlyImport|x86
		{ADC581D2-8B1B-4828-9DA6-AF967DF2DBE6}.Release-GiaOnlyImport|x86.Build.0 = Release-GiaOnlyImport|x86
		{ADC581D2-8B1B-4828-9DA6-AF967DF2DBE6}.SimpleLauncher|Any CPU.ActiveCfg = SimpleLauncher|Any CPU
		{ADC581D2-8B1B-4828-9DA6-AF967DF2DBE6}.SimpleLauncher|Any CPU.Build.0 = SimpleLauncher|Any CPU
		{ADC581D2-8B1B-4828-9DA6-AF967DF2DBE6}.SimpleLauncher|x86.ActiveCfg = SimpleLauncher|x86
		{ADC581D2-8B1B-4828-9DA6-AF967DF2DBE6}.SimpleLauncher|x86.Build.0 = SimpleLauncher|x86
		{2C7101B2-9046-4CA5-A62D-519891E0F50D}.Debug|Any CPU.ActiveCfg = Debug|Any CPU
		{2C7101B2-9046-4CA5-A62D-519891E0F50D}.Debug|Any CPU.Build.0 = Debug|Any CPU
		{2C7101B2-9046-4CA5-A62D-519891E0F50D}.Debug|x86.ActiveCfg = Debug|x86
		{2C7101B2-9046-4CA5-A62D-519891E0F50D}.Debug|x86.Build.0 = Debug|x86
		{2C7101B2-9046-4CA5-A62D-519891E0F50D}.Debug-Gia|Any CPU.ActiveCfg = Debug-Gia|Any CPU
		{2C7101B2-9046-4CA5-A62D-519891E0F50D}.Debug-Gia|Any CPU.Build.0 = Debug-Gia|Any CPU
		{2C7101B2-9046-4CA5-A62D-519891E0F50D}.Debug-Gia|x86.ActiveCfg = Debug-Gia|x86
		{2C7101B2-9046-4CA5-A62D-519891E0F50D}.Debug-Gia|x86.Build.0 = Debug-Gia|x86
		{2C7101B2-9046-4CA5-A62D-519891E0F50D}.Debug-GiaDataCollect|Any CPU.ActiveCfg = Debug-GiaDataCollect|Any CPU
		{2C7101B2-9046-4CA5-A62D-519891E0F50D}.Debug-GiaDataCollect|Any CPU.Build.0 = Debug-GiaDataCollect|Any CPU
		{2C7101B2-9046-4CA5-A62D-519891E0F50D}.Debug-GiaDataCollect|x86.ActiveCfg = Debug-GiaDataCollect|x86
		{2C7101B2-9046-4CA5-A62D-519891E0F50D}.Debug-GiaDataCollect|x86.Build.0 = Debug-GiaDataCollect|x86
		{2C7101B2-9046-4CA5-A62D-519891E0F50D}.Debug-GiaOnlyImport|Any CPU.ActiveCfg = Debug-GiaOnlyImport|Any CPU
		{2C7101B2-9046-4CA5-A62D-519891E0F50D}.Debug-GiaOnlyImport|Any CPU.Build.0 = Debug-GiaOnlyImport|Any CPU
		{2C7101B2-9046-4CA5-A62D-519891E0F50D}.Debug-GiaOnlyImport|x86.ActiveCfg = Debug-GiaOnlyImport|x86
		{2C7101B2-9046-4CA5-A62D-519891E0F50D}.Debug-GiaOnlyImport|x86.Build.0 = Debug-GiaOnlyImport|x86
		{2C7101B2-9046-4CA5-A62D-519891E0F50D}.DebugUnit|Any CPU.ActiveCfg = DebugUnit|Any CPU
		{2C7101B2-9046-4CA5-A62D-519891E0F50D}.DebugUnit|Any CPU.Build.0 = DebugUnit|Any CPU
		{2C7101B2-9046-4CA5-A62D-519891E0F50D}.DebugUnit|x86.ActiveCfg = DebugUnit|x86
		{2C7101B2-9046-4CA5-A62D-519891E0F50D}.DebugUnit|x86.Build.0 = DebugUnit|x86
		{2C7101B2-9046-4CA5-A62D-519891E0F50D}.GIA|Any CPU.ActiveCfg = GIA|Any CPU
		{2C7101B2-9046-4CA5-A62D-519891E0F50D}.GIA|Any CPU.Build.0 = GIA|Any CPU
		{2C7101B2-9046-4CA5-A62D-519891E0F50D}.GIA|x86.ActiveCfg = GIA|x86
		{2C7101B2-9046-4CA5-A62D-519891E0F50D}.GIA|x86.Build.0 = GIA|x86
		{2C7101B2-9046-4CA5-A62D-519891E0F50D}.Release|Any CPU.ActiveCfg = Release|Any CPU
		{2C7101B2-9046-4CA5-A62D-519891E0F50D}.Release|Any CPU.Build.0 = Release|Any CPU
		{2C7101B2-9046-4CA5-A62D-519891E0F50D}.Release|x86.ActiveCfg = Release|x86
		{2C7101B2-9046-4CA5-A62D-519891E0F50D}.Release|x86.Build.0 = Release|x86
		{2C7101B2-9046-4CA5-A62D-519891E0F50D}.Release-Gia|Any CPU.ActiveCfg = Release-Gia|Any CPU
		{2C7101B2-9046-4CA5-A62D-519891E0F50D}.Release-Gia|Any CPU.Build.0 = Release-Gia|Any CPU
		{2C7101B2-9046-4CA5-A62D-519891E0F50D}.Release-Gia|x86.ActiveCfg = Release-Gia|x86
		{2C7101B2-9046-4CA5-A62D-519891E0F50D}.Release-Gia|x86.Build.0 = Release-Gia|x86
		{2C7101B2-9046-4CA5-A62D-519891E0F50D}.Release-GiaDataCollect|Any CPU.ActiveCfg = Release-GiaDataCollect|Any CPU
		{2C7101B2-9046-4CA5-A62D-519891E0F50D}.Release-GiaDataCollect|Any CPU.Build.0 = Release-GiaDataCollect|Any CPU
		{2C7101B2-9046-4CA5-A62D-519891E0F50D}.Release-GiaDataCollect|x86.ActiveCfg = Release-GiaDataCollect|x86
		{2C7101B2-9046-4CA5-A62D-519891E0F50D}.Release-GiaDataCollect|x86.Build.0 = Release-GiaDataCollect|x86
		{2C7101B2-9046-4CA5-A62D-519891E0F50D}.Release-GiaOnlyImport|Any CPU.ActiveCfg = Release-GiaOnlyImport|Any CPU
		{2C7101B2-9046-4CA5-A62D-519891E0F50D}.Release-GiaOnlyImport|Any CPU.Build.0 = Release-GiaOnlyImport|Any CPU
		{2C7101B2-9046-4CA5-A62D-519891E0F50D}.Release-GiaOnlyImport|x86.ActiveCfg = Release-GiaOnlyImport|x86
		{2C7101B2-9046-4CA5-A62D-519891E0F50D}.Release-GiaOnlyImport|x86.Build.0 = Release-GiaOnlyImport|x86
		{2C7101B2-9046-4CA5-A62D-519891E0F50D}.SimpleLauncher|Any CPU.ActiveCfg = SimpleLauncher|Any CPU
		{2C7101B2-9046-4CA5-A62D-519891E0F50D}.SimpleLauncher|Any CPU.Build.0 = SimpleLauncher|Any CPU
		{2C7101B2-9046-4CA5-A62D-519891E0F50D}.SimpleLauncher|x86.ActiveCfg = SimpleLauncher|x86
		{2C7101B2-9046-4CA5-A62D-519891E0F50D}.SimpleLauncher|x86.Build.0 = SimpleLauncher|x86
	EndGlobalSection
	GlobalSection(SolutionProperties) = preSolution
		HideSolutionNode = FALSE
	EndGlobalSection
EndGlobal
