
Microsoft Visual Studio Solution File, Format Version 12.00
# Visual Studio 14
VisualStudioVersion = 14.0.25420.1
MinimumVisualStudioVersion = 10.0.40219.1
Project("{FAE04EC0-301F-11D3-BF4B-00C04F79EFBC}") = "GiaImport", "GiaImport\GiaImport.csproj", "{5FDFD42B-BD6C-48D4-8B43-80A8E69736DF}"
EndProject
Global
	GlobalSection(SolutionConfigurationPlatforms) = preSolution
		Debug|Any CPU = Debug|Any CPU
		Debug|Mixed Platforms = Debug|Mixed Platforms
		Debug|Win32 = Debug|Win32
		Debug|x86 = Debug|x86
		Default|Any CPU = Default|Any CPU
		Default|Mixed Platforms = Default|Mixed Platforms
		Default|Win32 = Default|Win32
		Default|x86 = Default|x86
		GIA|Any CPU = GIA|Any CPU
		GIA|Mixed Platforms = GIA|Mixed Platforms
		GIA|Win32 = GIA|Win32
		GIA|x86 = GIA|x86
		Release|Any CPU = Release|Any CPU
		Release|Mixed Platforms = Release|Mixed Platforms
		Release|Win32 = Release|Win32
		Release|x86 = Release|x86
		Release-Gia|Any CPU = Release-Gia|Any CPU
		Release-Gia|Mixed Platforms = Release-Gia|Mixed Platforms
		Release-Gia|Win32 = Release-Gia|Win32
		Release-Gia|x86 = Release-Gia|x86
		Release-GiaDataCollect|Any CPU = Release-GiaDataCollect|Any CPU
		Release-GiaDataCollect|Mixed Platforms = Release-GiaDataCollect|Mixed Platforms
		Release-GiaDataCollect|Win32 = Release-GiaDataCollect|Win32
		Release-GiaDataCollect|x86 = Release-GiaDataCollect|x86
	EndGlobalSection
	GlobalSection(ProjectConfigurationPlatforms) = postSolution
		{5FDFD42B-BD6C-48D4-8B43-80A8E69736DF}.Debug|Any CPU.ActiveCfg = Debug|Any CPU
		{5FDFD42B-BD6C-48D4-8B43-80A8E69736DF}.Debug|Any CPU.Build.0 = Debug|Any CPU
		{5FDFD42B-BD6C-48D4-8B43-80A8E69736DF}.Debug|Mixed Platforms.ActiveCfg = Debug|Any CPU
		{5FDFD42B-BD6C-48D4-8B43-80A8E69736DF}.Debug|Win32.ActiveCfg = Debug|Any CPU
		{5FDFD42B-BD6C-48D4-8B43-80A8E69736DF}.Debug|x86.ActiveCfg = Debug|Any CPU
		{5FDFD42B-BD6C-48D4-8B43-80A8E69736DF}.Default|Any CPU.ActiveCfg = Debug|Any CPU
		{5FDFD42B-BD6C-48D4-8B43-80A8E69736DF}.Default|Mixed Platforms.ActiveCfg = Debug|Any CPU
		{5FDFD42B-BD6C-48D4-8B43-80A8E69736DF}.Default|Win32.ActiveCfg = Debug|Any CPU
		{5FDFD42B-BD6C-48D4-8B43-80A8E69736DF}.Default|x86.ActiveCfg = Debug|Any CPU
		{5FDFD42B-BD6C-48D4-8B43-80A8E69736DF}.GIA|Any CPU.ActiveCfg = Release|Any CPU
		{5FDFD42B-BD6C-48D4-8B43-80A8E69736DF}.GIA|Mixed Platforms.ActiveCfg = Release|Any CPU
		{5FDFD42B-BD6C-48D4-8B43-80A8E69736DF}.GIA|Win32.ActiveCfg = Release|Any CPU
		{5FDFD42B-BD6C-48D4-8B43-80A8E69736DF}.GIA|x86.ActiveCfg = Release|Any CPU
		{5FDFD42B-BD6C-48D4-8B43-80A8E69736DF}.Release|Any CPU.ActiveCfg = Release|Any CPU
		{5FDFD42B-BD6C-48D4-8B43-80A8E69736DF}.Release|Any CPU.Build.0 = Release|Any CPU
		{5FDFD42B-BD6C-48D4-8B43-80A8E69736DF}.Release|Mixed Platforms.ActiveCfg = Release|Any CPU
		{5FDFD42B-BD6C-48D4-8B43-80A8E69736DF}.Release|Win32.ActiveCfg = Release|Any CPU
		{5FDFD42B-BD6C-48D4-8B43-80A8E69736DF}.Release|x86.ActiveCfg = Release|Any CPU
		{5FDFD42B-BD6C-48D4-8B43-80A8E69736DF}.Release-Gia|Any CPU.ActiveCfg = Release|Any CPU
		{5FDFD42B-BD6C-48D4-8B43-80A8E69736DF}.Release-Gia|Mixed Platforms.ActiveCfg = Release|Any CPU
		{5FDFD42B-BD6C-48D4-8B43-80A8E69736DF}.Release-Gia|Win32.ActiveCfg = Release|Any CPU
		{5FDFD42B-BD6C-48D4-8B43-80A8E69736DF}.Release-Gia|x86.ActiveCfg = Release|Any CPU
		{5FDFD42B-BD6C-48D4-8B43-80A8E69736DF}.Release-GiaDataCollect|Any CPU.ActiveCfg = Release|Any CPU
		{5FDFD42B-BD6C-48D4-8B43-80A8E69736DF}.Release-GiaDataCollect|Mixed Platforms.ActiveCfg = Release|Any CPU
		{5FDFD42B-BD6C-48D4-8B43-80A8E69736DF}.Release-GiaDataCollect|Win32.ActiveCfg = Release|Any CPU
		{5FDFD42B-BD6C-48D4-8B43-80A8E69736DF}.Release-GiaDataCollect|x86.ActiveCfg = Release|Any CPU
	EndGlobalSection
	GlobalSection(SolutionProperties) = preSolution
		HideSolutionNode = FALSE
	EndGlobalSection
EndGlobal
